
Microsoft Visual Studio Solution File, Format Version 12.00
# Visual Studio Version 17
VisualStudioVersion = 17.4.33205.214
MinimumVisualStudioVersion = 10.0.40219.1
Project("{9A19103F-16F7-4668-BE54-9A1E7A4F7556}") = "StellarRoles", "StellarRoles\StellarRoles.csproj", "{B3725C5D-641B-47B1-A28F-52DA0D65B25D}"
EndProject
Global
	GlobalSection(SolutionConfigurationPlatforms) = preSolution
		Debug|Any CPU = Debug|Any CPU
		Release|Any CPU = Release|Any CPU
	EndGlobalSection
	GlobalSection(ProjectConfigurationPlatforms) = postSolution
		{B3725C5D-641B-47B1-A28F-52DA0D65B25D}.Debug|Any CPU.ActiveCfg = Debug|Any CPU
		{B3725C5D-641B-47B1-A28F-52DA0D65B25D}.Debug|Any CPU.Build.0 = Debug|Any CPU
		{B3725C5D-641B-47B1-A28F-52DA0D65B25D}.Release|Any CPU.ActiveCfg = Release|Any CPU
		{B3725C5D-641B-47B1-A28F-52DA0D65B25D}.Release|Any CPU.Build.0 = Release|Any CPU
	EndGlobalSection
	GlobalSection(SolutionProperties) = preSolution
		HideSolutionNode = FALSE
	EndGlobalSection
	GlobalSection(ExtensibilityGlobals) = postSolution
		SolutionGuid = {B79A2782-53CE-402F-979F-55F99C497778}
	EndGlobalSection
EndGlobal
